
Microsoft Visual Studio Solution File, Format Version 12.00
# Visual Studio Express 2012 for Web
Project("{FAE04EC0-301F-11D3-BF4B-00C04F79EFBC}") = "OdeToFood", "OdeToFood\OdeToFood.csproj", "{1C0B206D-EE45-48CA-A6EB-CC4A8102129E}"
EndProject
Project("{FAE04EC0-301F-11D3-BF4B-00C04F79EFBC}") = "OdeToFood.Tests", "OdeToFood.Tests\OdeToFood.Tests.csproj", "{D6328B59-B7C1-402D-AA80-53D4D09A6FF9}"
EndProject
Global
	GlobalSection(SolutionConfigurationPlatforms) = preSolution
		Debug|Any CPU = Debug|Any CPU
		Release|Any CPU = Release|Any CPU
	EndGlobalSection
	GlobalSection(ProjectConfigurationPlatforms) = postSolution
		{1C0B206D-EE45-48CA-A6EB-CC4A8102129E}.Debug|Any CPU.ActiveCfg = Debug|Any CPU
		{1C0B206D-EE45-48CA-A6EB-CC4A8102129E}.Debug|Any CPU.Build.0 = Debug|Any CPU
		{1C0B206D-EE45-48CA-A6EB-CC4A8102129E}.Release|Any CPU.ActiveCfg = Release|Any CPU
		{1C0B206D-EE45-48CA-A6EB-CC4A8102129E}.Release|Any CPU.Build.0 = Release|Any CPU
		{D6328B59-B7C1-402D-AA80-53D4D09A6FF9}.Debug|Any CPU.ActiveCfg = Debug|Any CPU
		{D6328B59-B7C1-402D-AA80-53D4D09A6FF9}.Debug|Any CPU.Build.0 = Debug|Any CPU
		{D6328B59-B7C1-402D-AA80-53D4D09A6FF9}.Release|Any CPU.ActiveCfg = Release|Any CPU
		{D6328B59-B7C1-402D-AA80-53D4D09A6FF9}.Release|Any CPU.Build.0 = Release|Any CPU
	EndGlobalSection
	GlobalSection(SolutionProperties) = preSolution
		HideSolutionNode = FALSE
	EndGlobalSection
EndGlobal
